
Microsoft Visual Studio Solution File, Format Version 12.00
# Visual Studio Version 17
VisualStudioVersion = 17.0.31903.59
MinimumVisualStudioVersion = 10.0.40219.1
Project("{FAE04EC0-301F-11D3-BF4B-00C04F79EFBC}") = "Assiment3-Group10", "Assiment3-Group10\Assiment3-Group10.csproj", "{F184D321-AC7A-4B18-8ED3-871D1DC598C4}"
EndProject
Project("{FAE04EC0-301F-11D3-BF4B-00C04F79EFBC}") = "Test_Assignment_3", "Test_Assignment_3\Test_Assignment_3.csproj", "{E44BE893-AE23-4DBF-951D-06C617DE2EB8}"
EndProject
Global
	GlobalSection(SolutionConfigurationPlatforms) = preSolution
		Debug|Any CPU = Debug|Any CPU
		Release|Any CPU = Release|Any CPU
	EndGlobalSection
	GlobalSection(SolutionProperties) = preSolution
		HideSolutionNode = FALSE
	EndGlobalSection
	GlobalSection(ProjectConfigurationPlatforms) = postSolution
		{F184D321-AC7A-4B18-8ED3-871D1DC598C4}.Debug|Any CPU.ActiveCfg = Debug|Any CPU
		{F184D321-AC7A-4B18-8ED3-871D1DC598C4}.Debug|Any CPU.Build.0 = Debug|Any CPU
		{F184D321-AC7A-4B18-8ED3-871D1DC598C4}.Release|Any CPU.ActiveCfg = Release|Any CPU
		{F184D321-AC7A-4B18-8ED3-871D1DC598C4}.Release|Any CPU.Build.0 = Release|Any CPU
		{E44BE893-AE23-4DBF-951D-06C617DE2EB8}.Debug|Any CPU.ActiveCfg = Debug|Any CPU
		{E44BE893-AE23-4DBF-951D-06C617DE2EB8}.Debug|Any CPU.Build.0 = Debug|Any CPU
		{E44BE893-AE23-4DBF-951D-06C617DE2EB8}.Release|Any CPU.ActiveCfg = Release|Any CPU
		{E44BE893-AE23-4DBF-951D-06C617DE2EB8}.Release|Any CPU.Build.0 = Release|Any CPU
	EndGlobalSection
EndGlobal
